
Microsoft Visual Studio Solution File, Format Version 12.00
# Visual Studio 2012
Project("{FAE04EC0-301F-11D3-BF4B-00C04F79EFBC}") = "Metric.Client", "src\Metric.Client\Metric.Client.csproj", "{8B943A3F-0129-412D-A279-BA42D079FDAA}"
EndProject
Project("{FAE04EC0-301F-11D3-BF4B-00C04F79EFBC}") = "Metric.Inv", "src\Metric.Inv\Metric.Inv.csproj", "{2B29AE57-74DD-4608-B2C7-E634017A5EAF}"
EndProject
Global
	GlobalSection(SolutionConfigurationPlatforms) = preSolution
		Debug|Any CPU = Debug|Any CPU
		Release|Any CPU = Release|Any CPU
	EndGlobalSection
	GlobalSection(ProjectConfigurationPlatforms) = postSolution
		{8B943A3F-0129-412D-A279-BA42D079FDAA}.Debug|Any CPU.ActiveCfg = Debug|Any CPU
		{8B943A3F-0129-412D-A279-BA42D079FDAA}.Debug|Any CPU.Build.0 = Debug|Any CPU
		{8B943A3F-0129-412D-A279-BA42D079FDAA}.Release|Any CPU.ActiveCfg = Release|Any CPU
		{8B943A3F-0129-412D-A279-BA42D079FDAA}.Release|Any CPU.Build.0 = Release|Any CPU
		{2B29AE57-74DD-4608-B2C7-E634017A5EAF}.Debug|Any CPU.ActiveCfg = Debug|Any CPU
		{2B29AE57-74DD-4608-B2C7-E634017A5EAF}.Debug|Any CPU.Build.0 = Debug|Any CPU
		{2B29AE57-74DD-4608-B2C7-E634017A5EAF}.Release|Any CPU.ActiveCfg = Release|Any CPU
		{2B29AE57-74DD-4608-B2C7-E634017A5EAF}.Release|Any CPU.Build.0 = Release|Any CPU
	EndGlobalSection
	GlobalSection(SolutionProperties) = preSolution
		HideSolutionNode = FALSE
	EndGlobalSection
EndGlobal
